
Microsoft Visual Studio Solution File, Format Version 12.00
# Visual Studio Version 17
VisualStudioVersion = 17.9.34728.123
MinimumVisualStudioVersion = 10.0.40219.1
Project("{FAE04EC0-301F-11D3-BF4B-00C04F79EFBC}") = "DockerApp", "DockerApp\DockerApp.csproj", "{447AEBE3-19ED-4546-B589-986A9ED18E17}"
EndProject
Project("{E53339B2-1760-4266-BCC7-CA923CBCF16C}") = "docker-compose", "docker-compose.dcproj", "{BB2BB0B7-927E-4630-9624-5E73332FD2B1}"
EndProject
Global
	GlobalSection(SolutionConfigurationPlatforms) = preSolution
		Debug|Any CPU = Debug|Any CPU
		Release|Any CPU = Release|Any CPU
	EndGlobalSection
	GlobalSection(ProjectConfigurationPlatforms) = postSolution
		{447AEBE3-19ED-4546-B589-986A9ED18E17}.Debug|Any CPU.ActiveCfg = Debug|Any CPU
		{447AEBE3-19ED-4546-B589-986A9ED18E17}.Debug|Any CPU.Build.0 = Debug|Any CPU
		{447AEBE3-19ED-4546-B589-986A9ED18E17}.Release|Any CPU.ActiveCfg = Release|Any CPU
		{447AEBE3-19ED-4546-B589-986A9ED18E17}.Release|Any CPU.Build.0 = Release|Any CPU
		{BB2BB0B7-927E-4630-9624-5E73332FD2B1}.Debug|Any CPU.ActiveCfg = Debug|Any CPU
		{BB2BB0B7-927E-4630-9624-5E73332FD2B1}.Debug|Any CPU.Build.0 = Debug|Any CPU
		{BB2BB0B7-927E-4630-9624-5E73332FD2B1}.Release|Any CPU.ActiveCfg = Release|Any CPU
		{BB2BB0B7-927E-4630-9624-5E73332FD2B1}.Release|Any CPU.Build.0 = Release|Any CPU
	EndGlobalSection
	GlobalSection(SolutionProperties) = preSolution
		HideSolutionNode = FALSE
	EndGlobalSection
	GlobalSection(ExtensibilityGlobals) = postSolution
		SolutionGuid = {09D4A515-A802-4A75-80AE-0A78A3F4CB8A}
	EndGlobalSection
EndGlobal
